
Microsoft Visual Studio Solution File, Format Version 12.00
# Visual Studio Version 16
VisualStudioVersion = 16.0.30711.63
MinimumVisualStudioVersion = 10.0.40219.1
Project("{FAE04EC0-301F-11D3-BF4B-00C04F79EFBC}") = "Exam", "Exam.csproj", "{CEFE4F78-6BFD-47FA-B3AE-600A93D2A2A0}"
EndProject
Global
	GlobalSection(SolutionConfigurationPlatforms) = preSolution
		Debug|Any CPU = Debug|Any CPU
		Release|Any CPU = Release|Any CPU
	EndGlobalSection
	GlobalSection(ProjectConfigurationPlatforms) = postSolution
		{CEFE4F78-6BFD-47FA-B3AE-600A93D2A2A0}.Debug|Any CPU.ActiveCfg = Debug|Any CPU
		{CEFE4F78-6BFD-47FA-B3AE-600A93D2A2A0}.Debug|Any CPU.Build.0 = Debug|Any CPU
		{CEFE4F78-6BFD-47FA-B3AE-600A93D2A2A0}.Release|Any CPU.ActiveCfg = Release|Any CPU
		{CEFE4F78-6BFD-47FA-B3AE-600A93D2A2A0}.Release|Any CPU.Build.0 = Release|Any CPU
	EndGlobalSection
	GlobalSection(SolutionProperties) = preSolution
		HideSolutionNode = FALSE
	EndGlobalSection
	GlobalSection(ExtensibilityGlobals) = postSolution
		SolutionGuid = {1DB31893-A5E0-41BF-AE22-E7F5C90E537D}
	EndGlobalSection
EndGlobal
